
Microsoft Visual Studio Solution File, Format Version 12.00
# Visual Studio Version 16
VisualStudioVersion = 16.0.30907.101
MinimumVisualStudioVersion = 10.0.40219.1
Project("{FAE04EC0-301F-11D3-BF4B-00C04F79EFBC}") = "07.03.7", "07.03.7\07.03.7.csproj", "{C4511655-0A3B-453A-B530-4CD897F12FE2}"
EndProject
Global
	GlobalSection(SolutionConfigurationPlatforms) = preSolution
		Debug|Any CPU = Debug|Any CPU
		Release|Any CPU = Release|Any CPU
	EndGlobalSection
	GlobalSection(ProjectConfigurationPlatforms) = postSolution
		{C4511655-0A3B-453A-B530-4CD897F12FE2}.Debug|Any CPU.ActiveCfg = Debug|Any CPU
		{C4511655-0A3B-453A-B530-4CD897F12FE2}.Debug|Any CPU.Build.0 = Debug|Any CPU
		{C4511655-0A3B-453A-B530-4CD897F12FE2}.Release|Any CPU.ActiveCfg = Release|Any CPU
		{C4511655-0A3B-453A-B530-4CD897F12FE2}.Release|Any CPU.Build.0 = Release|Any CPU
	EndGlobalSection
	GlobalSection(SolutionProperties) = preSolution
		HideSolutionNode = FALSE
	EndGlobalSection
	GlobalSection(ExtensibilityGlobals) = postSolution
		SolutionGuid = {DA83E0C0-AD06-499E-8C1E-391BDB8C3BB7}
	EndGlobalSection
EndGlobal
